
Microsoft Visual Studio Solution File, Format Version 12.00
# Visual Studio Version 16
VisualStudioVersion = 16.0.30225.117
MinimumVisualStudioVersion = 10.0.40219.1
Project("{FAE04EC0-301F-11D3-BF4B-00C04F79EFBC}") = "Average", "Average\Average.csproj", "{6E86404A-9B38-40A4-881F-C3211BE2EB03}"
EndProject
Global
	GlobalSection(SolutionConfigurationPlatforms) = preSolution
		Debug|Any CPU = Debug|Any CPU
		Release|Any CPU = Release|Any CPU
	EndGlobalSection
	GlobalSection(ProjectConfigurationPlatforms) = postSolution
		{6E86404A-9B38-40A4-881F-C3211BE2EB03}.Debug|Any CPU.ActiveCfg = Debug|Any CPU
		{6E86404A-9B38-40A4-881F-C3211BE2EB03}.Debug|Any CPU.Build.0 = Debug|Any CPU
		{6E86404A-9B38-40A4-881F-C3211BE2EB03}.Release|Any CPU.ActiveCfg = Release|Any CPU
		{6E86404A-9B38-40A4-881F-C3211BE2EB03}.Release|Any CPU.Build.0 = Release|Any CPU
	EndGlobalSection
	GlobalSection(SolutionProperties) = preSolution
		HideSolutionNode = FALSE
	EndGlobalSection
	GlobalSection(ExtensibilityGlobals) = postSolution
		SolutionGuid = {72145AA6-1BB6-4B2F-9213-07F52BD7AB77}
	EndGlobalSection
EndGlobal
